
Microsoft Visual Studio Solution File, Format Version 12.00
# Visual Studio Version 16
VisualStudioVersion = 16.0.29306.81
MinimumVisualStudioVersion = 10.0.40219.1
Project("{FAE04EC0-301F-11D3-BF4B-00C04F79EFBC}") = "git_group_lab", "git_group_lab\git_group_lab.csproj", "{33D9C508-6C59-410C-ADA6-AE37CAB48D23}"
EndProject
Global
	GlobalSection(SolutionConfigurationPlatforms) = preSolution
		Debug|Any CPU = Debug|Any CPU
		Release|Any CPU = Release|Any CPU
	EndGlobalSection
	GlobalSection(ProjectConfigurationPlatforms) = postSolution
		{33D9C508-6C59-410C-ADA6-AE37CAB48D23}.Debug|Any CPU.ActiveCfg = Debug|Any CPU
		{33D9C508-6C59-410C-ADA6-AE37CAB48D23}.Debug|Any CPU.Build.0 = Debug|Any CPU
		{33D9C508-6C59-410C-ADA6-AE37CAB48D23}.Release|Any CPU.ActiveCfg = Release|Any CPU
		{33D9C508-6C59-410C-ADA6-AE37CAB48D23}.Release|Any CPU.Build.0 = Release|Any CPU
	EndGlobalSection
	GlobalSection(SolutionProperties) = preSolution
		HideSolutionNode = FALSE
	EndGlobalSection
	GlobalSection(ExtensibilityGlobals) = postSolution
		SolutionGuid = {05BA9D53-28BA-49A4-97CE-95B71D9B5AC4}
	EndGlobalSection
EndGlobal
